// !$*UTF8*$!
{
	archiveVersion = 1;
	classes = {
	};
	objectVersion = 48;
	objects = {

/* Begin PBXBuildFile section */
		5604889A1F4595A800AFD17F /* SlangTimeViewController.swift in Sources */ = {isa = PBXBuildFile; fileRef = 560488991F4595A800AFD17F /* SlangTimeViewController.swift */; };
		566CE5111F4494E0007AE449 /* PlayerInfoView.swift in Sources */ = {isa = PBXBuildFile; fileRef = 566CE5101F4494E0007AE449 /* PlayerInfoView.swift */; };
		567735361F4D7CCA0089ECB7 /* DatePickerViewController.swift in Sources */ = {isa = PBXBuildFile; fileRef = 567735351F4D7CCA0089ECB7 /* DatePickerViewController.swift */; };
		56A43ED11F42F940006477B7 /* AppDelegate.swift in Sources */ = {isa = PBXBuildFile; fileRef = 56A43ED01F42F940006477B7 /* AppDelegate.swift */; };
		56A43ED31F42F940006477B7 /* ViewController.swift in Sources */ = {isa = PBXBuildFile; fileRef = 56A43ED21F42F940006477B7 /* ViewController.swift */; };
		56A43ED61F42F940006477B7 /* Main.storyboard in Resources */ = {isa = PBXBuildFile; fileRef = 56A43ED41F42F940006477B7 /* Main.storyboard */; };
		56A43ED81F42F940006477B7 /* Assets.xcassets in Resources */ = {isa = PBXBuildFile; fileRef = 56A43ED71F42F940006477B7 /* Assets.xcassets */; };
		56A43EDB1F42F940006477B7 /* LaunchScreen.storyboard in Resources */ = {isa = PBXBuildFile; fileRef = 56A43ED91F42F940006477B7 /* LaunchScreen.storyboard */; };
		56A43EE31F4412E9006477B7 /* PlayerInfo.swift in Sources */ = {isa = PBXBuildFile; fileRef = 56A43EE21F4412E9006477B7 /* PlayerInfo.swift */; };
		56BC67BF1F46BA1E003027AC /* MainPlayer.swift in Sources */ = {isa = PBXBuildFile; fileRef = 56BC67BE1F46BA1E003027AC /* MainPlayer.swift */; };
		56BC67C41F473C7F003027AC /* Social.framework in Frameworks */ = {isa = PBXBuildFile; fileRef = 56BC67C31F473C7F003027AC /* Social.framework */; };
		56BFEDBC1F456B5C00C5C6A0 /* ProfileTableViewController.swift in Sources */ = {isa = PBXBuildFile; fileRef = 56BFEDBB1F456B5C00C5C6A0 /* ProfileTableViewController.swift */; };
		56BFEDBE1F456B9600C5C6A0 /* EditProfileTableViewController.swift in Sources */ = {isa = PBXBuildFile; fileRef = 56BFEDBD1F456B9600C5C6A0 /* EditProfileTableViewController.swift */; };
		56BFEDC01F45741000C5C6A0 /* Profile.swift in Sources */ = {isa = PBXBuildFile; fileRef = 56BFEDBF1F45741000C5C6A0 /* Profile.swift */; };
		56BFEDC31F457DF300C5C6A0 /* Map.storyboard in Resources */ = {isa = PBXBuildFile; fileRef = 56BFEDC11F457DF300C5C6A0 /* Map.storyboard */; };
/* End PBXBuildFile section */

/* Begin PBXFileReference section */
		560488991F4595A800AFD17F /* SlangTimeViewController.swift */ = {isa = PBXFileReference; lastKnownFileType = sourcecode.swift; path = SlangTimeViewController.swift; sourceTree = "<group>"; };
		566CE5101F4494E0007AE449 /* PlayerInfoView.swift */ = {isa = PBXFileReference; lastKnownFileType = sourcecode.swift; path = PlayerInfoView.swift; sourceTree = "<group>"; };
		567735351F4D7CCA0089ECB7 /* DatePickerViewController.swift */ = {isa = PBXFileReference; lastKnownFileType = sourcecode.swift; path = DatePickerViewController.swift; sourceTree = "<group>"; };
		56A43ECD1F42F940006477B7 /* FreeStyle.app */ = {isa = PBXFileReference; explicitFileType = wrapper.application; includeInIndex = 0; path = FreeStyle.app; sourceTree = BUILT_PRODUCTS_DIR; };
		56A43ED01F42F940006477B7 /* AppDelegate.swift */ = {isa = PBXFileReference; lastKnownFileType = sourcecode.swift; path = AppDelegate.swift; sourceTree = "<group>"; };
		56A43ED21F42F940006477B7 /* ViewController.swift */ = {isa = PBXFileReference; lastKnownFileType = sourcecode.swift; path = ViewController.swift; sourceTree = "<group>"; };
		56A43ED51F42F940006477B7 /* Base */ = {isa = PBXFileReference; lastKnownFileType = file.storyboard; name = Base; path = Base.lproj/Main.storyboard; sourceTree = "<group>"; };
		56A43ED71F42F940006477B7 /* Assets.xcassets */ = {isa = PBXFileReference; lastKnownFileType = folder.assetcatalog; path = Assets.xcassets; sourceTree = "<group>"; };
		56A43EDA1F42F940006477B7 /* Base */ = {isa = PBXFileReference; lastKnownFileType = file.storyboard; name = Base; path = Base.lproj/LaunchScreen.storyboard; sourceTree = "<group>"; };
		56A43EDC1F42F940006477B7 /* Info.plist */ = {isa = PBXFileReference; lastKnownFileType = text.plist.xml; path = Info.plist; sourceTree = "<group>"; };
		56A43EE21F4412E9006477B7 /* PlayerInfo.swift */ = {isa = PBXFileReference; lastKnownFileType = sourcecode.swift; path = PlayerInfo.swift; sourceTree = "<group>"; };
		56BC67BE1F46BA1E003027AC /* MainPlayer.swift */ = {isa = PBXFileReference; lastKnownFileType = sourcecode.swift; path = MainPlayer.swift; sourceTree = "<group>"; };
		56BC67C31F473C7F003027AC /* Social.framework */ = {isa = PBXFileReference; lastKnownFileType = wrapper.framework; name = Social.framework; path = System/Library/Frameworks/Social.framework; sourceTree = SDKROOT; };
		56BFEDBB1F456B5C00C5C6A0 /* ProfileTableViewController.swift */ = {isa = PBXFileReference; lastKnownFileType = sourcecode.swift; path = ProfileTableViewController.swift; sourceTree = "<group>"; };
		56BFEDBD1F456B9600C5C6A0 /* EditProfileTableViewController.swift */ = {isa = PBXFileReference; lastKnownFileType = sourcecode.swift; path = EditProfileTableViewController.swift; sourceTree = "<group>"; };
		56BFEDBF1F45741000C5C6A0 /* Profile.swift */ = {isa = PBXFileReference; lastKnownFileType = sourcecode.swift; path = Profile.swift; sourceTree = "<group>"; };
		56BFEDC21F457DF300C5C6A0 /* Base */ = {isa = PBXFileReference; lastKnownFileType = file.storyboard; name = Base; path = FreeStyle/Base.lproj/Map.storyboard; sourceTree = "<group>"; };
/* End PBXFileReference section */

/* Begin PBXFrameworksBuildPhase section */
		56A43ECA1F42F940006477B7 /* Frameworks */ = {
			isa = PBXFrameworksBuildPhase;
			buildActionMask = 2147483647;
			files = (
				56BC67C41F473C7F003027AC /* Social.framework in Frameworks */,
			);
			runOnlyForDeploymentPostprocessing = 0;
		};
/* End PBXFrameworksBuildPhase section */

/* Begin PBXGroup section */
		5604889D1F4595DB00AFD17F /* SlangTime */ = {
			isa = PBXGroup;
			children = (
				560488991F4595A800AFD17F /* SlangTimeViewController.swift */,
			);
			path = SlangTime;
			sourceTree = "<group>";
		};
		5604889E1F4595F700AFD17F /* ProfileTable */ = {
			isa = PBXGroup;
			children = (
				56BFEDBB1F456B5C00C5C6A0 /* ProfileTableViewController.swift */,
				56BFEDBD1F456B9600C5C6A0 /* EditProfileTableViewController.swift */,
				567735351F4D7CCA0089ECB7 /* DatePickerViewController.swift */,
				56BFEDBF1F45741000C5C6A0 /* Profile.swift */,
			);
			path = ProfileTable;
			sourceTree = "<group>";
		};
		56A43EC41F42F940006477B7 = {
			isa = PBXGroup;
			children = (
				56A43ECF1F42F940006477B7 /* FreeStyle */,
				56A43ECE1F42F940006477B7 /* Products */,
				56BC67C21F473C7F003027AC /* Frameworks */,
			);
			sourceTree = "<group>";
		};
		56A43ECE1F42F940006477B7 /* Products */ = {
			isa = PBXGroup;
			children = (
				56A43ECD1F42F940006477B7 /* FreeStyle.app */,
			);
			name = Products;
			sourceTree = "<group>";
		};
		56A43ECF1F42F940006477B7 /* FreeStyle */ = {
			isa = PBXGroup;
			children = (
				56A43ED01F42F940006477B7 /* AppDelegate.swift */,
				56A43ED21F42F940006477B7 /* ViewController.swift */,
				56A43EE21F4412E9006477B7 /* PlayerInfo.swift */,
				56BC67BE1F46BA1E003027AC /* MainPlayer.swift */,
				566CE5101F4494E0007AE449 /* PlayerInfoView.swift */,
				5604889E1F4595F700AFD17F /* ProfileTable */,
				5604889D1F4595DB00AFD17F /* SlangTime */,
				56A43ED41F42F940006477B7 /* Main.storyboard */,
				56BFEDC11F457DF300C5C6A0 /* Map.storyboard */,
				56A43ED71F42F940006477B7 /* Assets.xcassets */,
				56A43ED91F42F940006477B7 /* LaunchScreen.storyboard */,
				56A43EDC1F42F940006477B7 /* Info.plist */,
			);
			path = FreeStyle;
			sourceTree = "<group>";
		};
		56BC67C21F473C7F003027AC /* Frameworks */ = {
			isa = PBXGroup;
			children = (
				56BC67C31F473C7F003027AC /* Social.framework */,
			);
			name = Frameworks;
			sourceTree = "<group>";
		};
/* End PBXGroup section */

/* Begin PBXNativeTarget section */
		56A43ECC1F42F940006477B7 /* FreeStyle */ = {
			isa = PBXNativeTarget;
			buildConfigurationList = 56A43EDF1F42F940006477B7 /* Build configuration list for PBXNativeTarget "FreeStyle" */;
			buildPhases = (
				56A43EC91F42F940006477B7 /* Sources */,
				56A43ECA1F42F940006477B7 /* Frameworks */,
				56A43ECB1F42F940006477B7 /* Resources */,
			);
			buildRules = (
			);
			dependencies = (
			);
			name = FreeStyle;
			productName = FreeStyle;
			productReference = 56A43ECD1F42F940006477B7 /* FreeStyle.app */;
			productType = "com.apple.product-type.application";
		};
/* End PBXNativeTarget section */

/* Begin PBXProject section */
		56A43EC51F42F940006477B7 /* Project object */ = {
			isa = PBXProject;
			attributes = {
				LastSwiftUpdateCheck = 0900;
				LastUpgradeCheck = 0900;
				ORGANIZATIONNAME = "Vince Lee";
				TargetAttributes = {
					56A43ECC1F42F940006477B7 = {
						CreatedOnToolsVersion = 9.0;
					};
				};
			};
			buildConfigurationList = 56A43EC81F42F940006477B7 /* Build configuration list for PBXProject "FreeStyle" */;
			compatibilityVersion = "Xcode 8.0";
			developmentRegion = en;
			hasScannedForEncodings = 0;
			knownRegions = (
				en,
				Base,
			);
			mainGroup = 56A43EC41F42F940006477B7;
			productRefGroup = 56A43ECE1F42F940006477B7 /* Products */;
			projectDirPath = "";
			projectRoot = "";
			targets = (
				56A43ECC1F42F940006477B7 /* FreeStyle */,
			);
		};
/* End PBXProject section */

/* Begin PBXResourcesBuildPhase section */
		56A43ECB1F42F940006477B7 /* Resources */ = {
			isa = PBXResourcesBuildPhase;
			buildActionMask = 2147483647;
			files = (
				56A43EDB1F42F940006477B7 /* LaunchScreen.storyboard in Resources */,
				56A43ED81F42F940006477B7 /* Assets.xcassets in Resources */,
				56A43ED61F42F940006477B7 /* Main.storyboard in Resources */,
				56BFEDC31F457DF300C5C6A0 /* Map.storyboard in Resources */,
			);
			runOnlyForDeploymentPostprocessing = 0;
		};
/* End PBXResourcesBuildPhase section */

/* Begin PBXSourcesBuildPhase section */
		56A43EC91F42F940006477B7 /* Sources */ = {
			isa = PBXSourcesBuildPhase;
			buildActionMask = 2147483647;
			files = (
				56A43ED31F42F940006477B7 /* ViewController.swift in Sources */,
				56BFEDBC1F456B5C00C5C6A0 /* ProfileTableViewController.swift in Sources */,
				56BC67BF1F46BA1E003027AC /* MainPlayer.swift in Sources */,
				56A43ED11F42F940006477B7 /* AppDelegate.swift in Sources */,
				5604889A1F4595A800AFD17F /* SlangTimeViewController.swift in Sources */,
				56BFEDC01F45741000C5C6A0 /* Profile.swift in Sources */,
				567735361F4D7CCA0089ECB7 /* DatePickerViewController.swift in Sources */,
				56A43EE31F4412E9006477B7 /* PlayerInfo.swift in Sources */,
				566CE5111F4494E0007AE449 /* PlayerInfoView.swift in Sources */,
				56BFEDBE1F456B9600C5C6A0 /* EditProfileTableViewController.swift in Sources */,
			);
			runOnlyForDeploymentPostprocessing = 0;
		};
/* End PBXSourcesBuildPhase section */

/* Begin PBXVariantGroup section */
		56A43ED41F42F940006477B7 /* Main.storyboard */ = {
			isa = PBXVariantGroup;
			children = (
				56A43ED51F42F940006477B7 /* Base */,
			);
			name = Main.storyboard;
			sourceTree = "<group>";
		};
		56A43ED91F42F940006477B7 /* LaunchScreen.storyboard */ = {
			isa = PBXVariantGroup;
			children = (
				56A43EDA1F42F940006477B7 /* Base */,
			);
			name = LaunchScreen.storyboard;
			sourceTree = "<group>";
		};
		56BFEDC11F457DF300C5C6A0 /* Map.storyboard */ = {
			isa = PBXVariantGroup;
			children = (
				56BFEDC21F457DF300C5C6A0 /* Base */,
			);
			name = Map.storyboard;
			sourceTree = "<group>";
		};
/* End PBXVariantGroup section */

/* Begin XCBuildConfiguration section */
		56A43EDD1F42F940006477B7 /* Debug */ = {
			isa = XCBuildConfiguration;
			buildSettings = {
				ALWAYS_SEARCH_USER_PATHS = NO;
				CLANG_ANALYZER_NONNULL = YES;
				CLANG_ANALYZER_NUMBER_OBJECT_CONVERSION = YES_AGGRESSIVE;
				CLANG_CXX_LANGUAGE_STANDARD = "gnu++14";
				CLANG_CXX_LIBRARY = "libc++";
				CLANG_ENABLE_MODULES = YES;
				CLANG_ENABLE_OBJC_ARC = YES;
				CLANG_WARN_BLOCK_CAPTURE_AUTORELEASING = YES;
				CLANG_WARN_BOOL_CONVERSION = YES;
				CLANG_WARN_COMMA = YES;
				CLANG_WARN_CONSTANT_CONVERSION = YES;
				CLANG_WARN_DIRECT_OBJC_ISA_USAGE = YES_ERROR;
				CLANG_WARN_DOCUMENTATION_COMMENTS = YES;
				CLANG_WARN_EMPTY_BODY = YES;
				CLANG_WARN_ENUM_CONVERSION = YES;
				CLANG_WARN_INFINITE_RECURSION = YES;
				CLANG_WARN_INT_CONVERSION = YES;
				CLANG_WARN_NON_LITERAL_NULL_CONVERSION = YES;
				CLANG_WARN_OBJC_LITERAL_CONVERSION = YES;
				CLANG_WARN_OBJC_ROOT_CLASS = YES_ERROR;
				CLANG_WARN_RANGE_LOOP_ANALYSIS = YES;
				CLANG_WARN_STRICT_PROTOTYPES = YES;
				CLANG_WARN_SUSPICIOUS_MOVE = YES;
				CLANG_WARN_UNGUARDED_AVAILABILITY = YES_AGGRESSIVE;
				CLANG_WARN_UNREACHABLE_CODE = YES;
				CLANG_WARN__DUPLICATE_METHOD_MATCH = YES;
				CODE_SIGN_IDENTITY = "iPhone Developer";
				COPY_PHASE_STRIP = NO;
				DEBUG_INFORMATION_FORMAT = dwarf;
				ENABLE_STRICT_OBJC_MSGSEND = YES;
				ENABLE_TESTABILITY = YES;
				GCC_C_LANGUAGE_STANDARD = gnu11;
				GCC_DYNAMIC_NO_PIC = NO;
				GCC_NO_COMMON_BLOCKS = YES;
				GCC_OPTIMIZATION_LEVEL = 0;
				GCC_PREPROCESSOR_DEFINITIONS = (
					"DEBUG=1",
					"$(inherited)",
				);
				GCC_WARN_64_TO_32_BIT_CONVERSION = YES;
				GCC_WARN_ABOUT_RETURN_TYPE = YES_ERROR;
				GCC_WARN_UNDECLARED_SELECTOR = YES;
				GCC_WARN_UNINITIALIZED_AUTOS = YES_AGGRESSIVE;
				GCC_WARN_UNUSED_FUNCTION = YES;
				GCC_WARN_UNUSED_VARIABLE = YES;
				IPHONEOS_DEPLOYMENT_TARGET = 11.0;
				MTL_ENABLE_DEBUG_INFO = YES;
				ONLY_ACTIVE_ARCH = YES;
				SDKROOT = iphoneos;
				SWIFT_ACTIVE_COMPILATION_CONDITIONS = DEBUG;
				SWIFT_OPTIMIZATION_LEVEL = "-Onone";
			};
			name = Debug;
		};
		56A43EDE1F42F940006477B7 /* Release */ = {
			isa = XCBuildConfiguration;
			buildSettings = {
				ALWAYS_SEARCH_USER_PATHS = NO;
				CLANG_ANALYZER_NONNULL = YES;
				CLANG_ANALYZER_NUMBER_OBJECT_CONVERSION = YES_AGGRESSIVE;
				CLANG_CXX_LANGUAGE_STANDARD = "gnu++14";
				CLANG_CXX_LIBRARY = "libc++";
				CLANG_ENABLE_MODULES = YES;
				CLANG_ENABLE_OBJC_ARC = YES;
				CLANG_WARN_BLOCK_CAPTURE_AUTORELEASING = YES;
				CLANG_WARN_BOOL_CONVERSION = YES;
				CLANG_WARN_COMMA = YES;
				CLANG_WARN_CONSTANT_CONVERSION = YES;
				CLANG_WARN_DIRECT_OBJC_ISA_USAGE = YES_ERROR;
				CLANG_WARN_DOCUMENTATION_COMMENTS = YES;
				CLANG_WARN_EMPTY_BODY = YES;
				CLANG_WARN_ENUM_CONVERSION = YES;
				CLANG_WARN_INFINITE_RECURSION = YES;
				CLANG_WARN_INT_CONVERSION = YES;
				CLANG_WARN_NON_LITERAL_NULL_CONVERSION = YES;
				CLANG_WARN_OBJC_LITERAL_CONVERSION = YES;
				CLANG_WARN_OBJC_ROOT_CLASS = YES_ERROR;
				CLANG_WARN_RANGE_LOOP_ANALYSIS = YES;
				CLANG_WARN_STRICT_PROTOTYPES = YES;
				CLANG_WARN_SUSPICIOUS_MOVE = YES;
				CLANG_WARN_UNGUARDED_AVAILABILITY = YES_AGGRESSIVE;
				CLANG_WARN_UNREACHABLE_CODE = YES;
				CLANG_WARN__DUPLICATE_METHOD_MATCH = YES;
				CODE_SIGN_IDENTITY = "iPhone Developer";
				COPY_PHASE_STRIP = NO;
				DEBUG_INFORMATION_FORMAT = "dwarf-with-dsym";
				ENABLE_NS_ASSERTIONS = NO;
				ENABLE_STRICT_OBJC_MSGSEND = YES;
				GCC_C_LANGUAGE_STANDARD = gnu11;
				GCC_NO_COMMON_BLOCKS = YES;
				GCC_WARN_64_TO_32_BIT_CONVERSION = YES;
				GCC_WARN_ABOUT_RETURN_TYPE = YES_ERROR;
				GCC_WARN_UNDECLARED_SELECTOR = YES;
				GCC_WARN_UNINITIALIZED_AUTOS = YES_AGGRESSIVE;
				GCC_WARN_UNUSED_FUNCTION = YES;
				GCC_WARN_UNUSED_VARIABLE = YES;
				IPHONEOS_DEPLOYMENT_TARGET = 11.0;
				MTL_ENABLE_DEBUG_INFO = NO;
				SDKROOT = iphoneos;
				SWIFT_OPTIMIZATION_LEVEL = "-Owholemodule";
				VALIDATE_PRODUCT = YES;
			};
			name = Release;
		};
		56A43EE01F42F940006477B7 /* Debug */ = {
			isa = XCBuildConfiguration;
			buildSettings = {
				ASSETCATALOG_COMPILER_APPICON_NAME = AppIcon;
				DEVELOPMENT_TEAM = G9JF9YBU33;
				INFOPLIST_FILE = FreeStyle/Info.plist;
				IPHONEOS_DEPLOYMENT_TARGET = 11.0;
				LD_RUNPATH_SEARCH_PATHS = "$(inherited) @executable_path/Frameworks";
				PRODUCT_BUNDLE_IDENTIFIER = WILD.FreeStyle;
				PRODUCT_NAME = "$(TARGET_NAME)";
				SWIFT_VERSION = 4.0;
				TARGETED_DEVICE_FAMILY = "1,2";
			};
			name = Debug;
		};
		56A43EE11F42F940006477B7 /* Release */ = {
			isa = XCBuildConfiguration;
			buildSettings = {
				ASSETCATALOG_COMPILER_APPICON_NAME = AppIcon;
				DEVELOPMENT_TEAM = G9JF9YBU33;
				INFOPLIST_FILE = FreeStyle/Info.plist;
				IPHONEOS_DEPLOYMENT_TARGET = 11.0;
				LD_RUNPATH_SEARCH_PATHS = "$(inherited) @executable_path/Frameworks";
				PRODUCT_BUNDLE_IDENTIFIER = WILD.FreeStyle;
				PRODUCT_NAME = "$(TARGET_NAME)";
				SWIFT_VERSION = 4.0;
				TARGETED_DEVICE_FAMILY = "1,2";
			};
			name = Release;
		};
/* End XCBuildConfiguration section */

/* Begin XCConfigurationList section */
		56A43EC81F42F940006477B7 /* Build configuration list for PBXProject "FreeStyle" */ = {
			isa = XCConfigurationList;
			buildConfigurations = (
				56A43EDD1F42F940006477B7 /* Debug */,
				56A43EDE1F42F940006477B7 /* Release */,
			);
			defaultConfigurationIsVisible = 0;
			defaultConfigurationName = Release;
		};
		56A43EDF1F42F940006477B7 /* Build configuration list for PBXNativeTarget "FreeStyle" */ = {
			isa = XCConfigurationList;
			buildConfigurations = (
				56A43EE01F42F940006477B7 /* Debug */,
				56A43EE11F42F940006477B7 /* Release */,
			);
			defaultConfigurationIsVisible = 0;
			defaultConfigurationName = Release;
		};
/* End XCConfigurationList section */
	};
	rootObject = 56A43EC51F42F940006477B7 /* Project object */;
}
